
Microsoft Visual Studio Solution File, Format Version 12.00
# Visual Studio Version 17
VisualStudioVersion = 17.14.37012.4 d17.14
MinimumVisualStudioVersion = 10.0.40219.1
Project("{FAE04EC0-301F-11D3-BF4B-00C04F79EFBC}") = "sportakip_application", "sportakip_application.csproj", "{2E1FE255-AD48-48E8-9C52-644119F45C76}"
EndProject
Global
	GlobalSection(SolutionConfigurationPlatforms) = preSolution
		Debug|Any CPU = Debug|Any CPU
		Release|Any CPU = Release|Any CPU
	EndGlobalSection
	GlobalSection(ProjectConfigurationPlatforms) = postSolution
		{2E1FE255-AD48-48E8-9C52-644119F45C76}.Debug|Any CPU.ActiveCfg = Debug|Any CPU
		{2E1FE255-AD48-48E8-9C52-644119F45C76}.Debug|Any CPU.Build.0 = Debug|Any CPU
		{2E1FE255-AD48-48E8-9C52-644119F45C76}.Release|Any CPU.ActiveCfg = Release|Any CPU
		{2E1FE255-AD48-48E8-9C52-644119F45C76}.Release|Any CPU.Build.0 = Release|Any CPU
	EndGlobalSection
	GlobalSection(SolutionProperties) = preSolution
		HideSolutionNode = FALSE
	EndGlobalSection
	GlobalSection(ExtensibilityGlobals) = postSolution
		SolutionGuid = {293B9749-C163-4CCF-9F1E-BDE32F0A328E}
	EndGlobalSection
EndGlobal
